
Microsoft Visual Studio Solution File, Format Version 12.00
# Visual Studio 14
VisualStudioVersion = 14.0.25420.1
MinimumVisualStudioVersion = 10.0.40219.1
Project("{8BC9CEB8-8B4A-11D0-8D11-00A0C91BC942}") = "textures", "textures\textures.vcxproj", "{B58AEFD2-A5EB-3F2C-B9E8-C3228A62A8E5}"
EndProject
Project("{8BC9CEB8-8B4A-11D0-8D11-00A0C91BC942}") = "threadedqopenglwidget", "threadedqopenglwidget\threadedqopenglwidget.vcxproj", "{CD2A4510-57E9-3FE8-9AB2-77C2B353987E}"
EndProject
Project("{8BC9CEB8-8B4A-11D0-8D11-00A0C91BC942}") = "glfwwindow", "glfwwindow\glfwwindow.vcxproj", "{8CC7F3C8-BC85-41AD-BCC6-E4C7EAEED63D}"
EndProject
Project("{8BC9CEB8-8B4A-11D0-8D11-00A0C91BC942}") = "triangle", "triangle\Triangle.vcxproj", "{9D707957-24B0-44C9-8753-1CAC5CAE27A5}"
EndProject
Project("{8BC9CEB8-8B4A-11D0-8D11-00A0C91BC942}") = "rectangle", "Rectangle\Rectangle.vcxproj", "{E21F48B6-996E-4287-8C0D-21A0C0BBAE04}"
EndProject
Project("{8BC9CEB8-8B4A-11D0-8D11-00A0C91BC942}") = "common", "common\common.vcxproj", "{3E3814D2-C032-45E1-9996-08BE7EC30F69}"
EndProject
Project("{8BC9CEB8-8B4A-11D0-8D11-00A0C91BC942}") = "simpletexture", "simpletexture\simpletexture.vcxproj", "{8AF19A73-733C-42A9-BE4E-03BA1783715E}"
EndProject
Global
	GlobalSection(SolutionConfigurationPlatforms) = preSolution
		Debug|x64 = Debug|x64
		Debug|x86 = Debug|x86
		Release|x64 = Release|x64
		Release|x86 = Release|x86
	EndGlobalSection
	GlobalSection(ProjectConfigurationPlatforms) = postSolution
		{B58AEFD2-A5EB-3F2C-B9E8-C3228A62A8E5}.Debug|x64.ActiveCfg = Debug|x64
		{B58AEFD2-A5EB-3F2C-B9E8-C3228A62A8E5}.Debug|x64.Build.0 = Debug|x64
		{B58AEFD2-A5EB-3F2C-B9E8-C3228A62A8E5}.Debug|x86.ActiveCfg = Debug|x64
		{B58AEFD2-A5EB-3F2C-B9E8-C3228A62A8E5}.Release|x64.ActiveCfg = Release|x64
		{B58AEFD2-A5EB-3F2C-B9E8-C3228A62A8E5}.Release|x64.Build.0 = Release|x64
		{B58AEFD2-A5EB-3F2C-B9E8-C3228A62A8E5}.Release|x86.ActiveCfg = Release|x64
		{CD2A4510-57E9-3FE8-9AB2-77C2B353987E}.Debug|x64.ActiveCfg = Debug|x64
		{CD2A4510-57E9-3FE8-9AB2-77C2B353987E}.Debug|x64.Build.0 = Debug|x64
		{CD2A4510-57E9-3FE8-9AB2-77C2B353987E}.Debug|x86.ActiveCfg = Debug|x64
		{CD2A4510-57E9-3FE8-9AB2-77C2B353987E}.Release|x64.ActiveCfg = Release|x64
		{CD2A4510-57E9-3FE8-9AB2-77C2B353987E}.Release|x64.Build.0 = Release|x64
		{CD2A4510-57E9-3FE8-9AB2-77C2B353987E}.Release|x86.ActiveCfg = Release|x64
		{8CC7F3C8-BC85-41AD-BCC6-E4C7EAEED63D}.Debug|x64.ActiveCfg = Debug|x64
		{8CC7F3C8-BC85-41AD-BCC6-E4C7EAEED63D}.Debug|x64.Build.0 = Debug|x64
		{8CC7F3C8-BC85-41AD-BCC6-E4C7EAEED63D}.Debug|x86.ActiveCfg = Debug|Win32
		{8CC7F3C8-BC85-41AD-BCC6-E4C7EAEED63D}.Debug|x86.Build.0 = Debug|Win32
		{8CC7F3C8-BC85-41AD-BCC6-E4C7EAEED63D}.Release|x64.ActiveCfg = Release|x64
		{8CC7F3C8-BC85-41AD-BCC6-E4C7EAEED63D}.Release|x64.Build.0 = Release|x64
		{8CC7F3C8-BC85-41AD-BCC6-E4C7EAEED63D}.Release|x86.ActiveCfg = Release|Win32
		{8CC7F3C8-BC85-41AD-BCC6-E4C7EAEED63D}.Release|x86.Build.0 = Release|Win32
		{9D707957-24B0-44C9-8753-1CAC5CAE27A5}.Debug|x64.ActiveCfg = Debug|x64
		{9D707957-24B0-44C9-8753-1CAC5CAE27A5}.Debug|x64.Build.0 = Debug|x64
		{9D707957-24B0-44C9-8753-1CAC5CAE27A5}.Debug|x86.ActiveCfg = Debug|Win32
		{9D707957-24B0-44C9-8753-1CAC5CAE27A5}.Debug|x86.Build.0 = Debug|Win32
		{9D707957-24B0-44C9-8753-1CAC5CAE27A5}.Release|x64.ActiveCfg = Release|x64
		{9D707957-24B0-44C9-8753-1CAC5CAE27A5}.Release|x64.Build.0 = Release|x64
		{9D707957-24B0-44C9-8753-1CAC5CAE27A5}.Release|x86.ActiveCfg = Release|Win32
		{9D707957-24B0-44C9-8753-1CAC5CAE27A5}.Release|x86.Build.0 = Release|Win32
		{E21F48B6-996E-4287-8C0D-21A0C0BBAE04}.Debug|x64.ActiveCfg = Debug|x64
		{E21F48B6-996E-4287-8C0D-21A0C0BBAE04}.Debug|x64.Build.0 = Debug|x64
		{E21F48B6-996E-4287-8C0D-21A0C0BBAE04}.Debug|x86.ActiveCfg = Debug|Win32
		{E21F48B6-996E-4287-8C0D-21A0C0BBAE04}.Debug|x86.Build.0 = Debug|Win32
		{E21F48B6-996E-4287-8C0D-21A0C0BBAE04}.Release|x64.ActiveCfg = Release|x64
		{E21F48B6-996E-4287-8C0D-21A0C0BBAE04}.Release|x64.Build.0 = Release|x64
		{E21F48B6-996E-4287-8C0D-21A0C0BBAE04}.Release|x86.ActiveCfg = Release|Win32
		{E21F48B6-996E-4287-8C0D-21A0C0BBAE04}.Release|x86.Build.0 = Release|Win32
		{3E3814D2-C032-45E1-9996-08BE7EC30F69}.Debug|x64.ActiveCfg = Debug|x64
		{3E3814D2-C032-45E1-9996-08BE7EC30F69}.Debug|x64.Build.0 = Debug|x64
		{3E3814D2-C032-45E1-9996-08BE7EC30F69}.Debug|x86.ActiveCfg = Debug|Win32
		{3E3814D2-C032-45E1-9996-08BE7EC30F69}.Debug|x86.Build.0 = Debug|Win32
		{3E3814D2-C032-45E1-9996-08BE7EC30F69}.Release|x64.ActiveCfg = Release|x64
		{3E3814D2-C032-45E1-9996-08BE7EC30F69}.Release|x64.Build.0 = Release|x64
		{3E3814D2-C032-45E1-9996-08BE7EC30F69}.Release|x86.ActiveCfg = Release|Win32
		{3E3814D2-C032-45E1-9996-08BE7EC30F69}.Release|x86.Build.0 = Release|Win32
		{8AF19A73-733C-42A9-BE4E-03BA1783715E}.Debug|x64.ActiveCfg = Debug|x64
		{8AF19A73-733C-42A9-BE4E-03BA1783715E}.Debug|x64.Build.0 = Debug|x64
		{8AF19A73-733C-42A9-BE4E-03BA1783715E}.Debug|x86.ActiveCfg = Debug|Win32
		{8AF19A73-733C-42A9-BE4E-03BA1783715E}.Debug|x86.Build.0 = Debug|Win32
		{8AF19A73-733C-42A9-BE4E-03BA1783715E}.Release|x64.ActiveCfg = Release|x64
		{8AF19A73-733C-42A9-BE4E-03BA1783715E}.Release|x64.Build.0 = Release|x64
		{8AF19A73-733C-42A9-BE4E-03BA1783715E}.Release|x86.ActiveCfg = Release|Win32
		{8AF19A73-733C-42A9-BE4E-03BA1783715E}.Release|x86.Build.0 = Release|Win32
	EndGlobalSection
	GlobalSection(SolutionProperties) = preSolution
		HideSolutionNode = FALSE
	EndGlobalSection
EndGlobal
