
Microsoft Visual Studio Solution File, Format Version 12.00
# Visual Studio 2013
VisualStudioVersion = 12.0.21005.1
MinimumVisualStudioVersion = 10.0.40219.1
Project("{8BC9CEB8-8B4A-11D0-8D11-00A0C91BC942}") = "textures", "textures\textures.vcxproj", "{B58AEFD2-A5EB-3F2C-B9E8-C3228A62A8E5}"
EndProject
Project("{8BC9CEB8-8B4A-11D0-8D11-00A0C91BC942}") = "threadedqopenglwidget", "threadedqopenglwidget\threadedqopenglwidget.vcxproj", "{CD2A4510-57E9-3FE8-9AB2-77C2B353987E}"
EndProject
Global
	GlobalSection(SolutionConfigurationPlatforms) = preSolution
		Debug|x64 = Debug|x64
		Release|x64 = Release|x64
	EndGlobalSection
	GlobalSection(ProjectConfigurationPlatforms) = postSolution
		{B58AEFD2-A5EB-3F2C-B9E8-C3228A62A8E5}.Debug|x64.ActiveCfg = Debug|x64
		{B58AEFD2-A5EB-3F2C-B9E8-C3228A62A8E5}.Debug|x64.Build.0 = Debug|x64
		{B58AEFD2-A5EB-3F2C-B9E8-C3228A62A8E5}.Release|x64.ActiveCfg = Release|x64
		{B58AEFD2-A5EB-3F2C-B9E8-C3228A62A8E5}.Release|x64.Build.0 = Release|x64
		{CD2A4510-57E9-3FE8-9AB2-77C2B353987E}.Debug|x64.ActiveCfg = Debug|x64
		{CD2A4510-57E9-3FE8-9AB2-77C2B353987E}.Debug|x64.Build.0 = Debug|x64
		{CD2A4510-57E9-3FE8-9AB2-77C2B353987E}.Release|x64.ActiveCfg = Release|x64
		{CD2A4510-57E9-3FE8-9AB2-77C2B353987E}.Release|x64.Build.0 = Release|x64
	EndGlobalSection
	GlobalSection(SolutionProperties) = preSolution
		HideSolutionNode = FALSE
	EndGlobalSection
EndGlobal
